// !$*UTF8*$!
{
	archiveVersion = 1;
	classes = {
	};
	objectVersion = 50;
	objects = {

/* Begin PBXBuildFile section */
		2D61CFD272EE35B9AD8D5BE6 /* Pods_Gucci_Planning.framework in Frameworks */ = {isa = PBXBuildFile; fileRef = 90ACC3CD54816EB9AD8007B3 /* Pods_Gucci_Planning.framework */; };
		30D2688C20B1EF7200BD4319 /* AppDelegate.swift in Sources */ = {isa = PBXBuildFile; fileRef = 30D2688B20B1EF7200BD4319 /* AppDelegate.swift */; };
		30D2688E20B1EF7200BD4319 /* ViewController.swift in Sources */ = {isa = PBXBuildFile; fileRef = 30D2688D20B1EF7200BD4319 /* ViewController.swift */; };
		30D2689020B1EF7400BD4319 /* Assets.xcassets in Resources */ = {isa = PBXBuildFile; fileRef = 30D2688F20B1EF7400BD4319 /* Assets.xcassets */; };
		30D2689320B1EF7400BD4319 /* Main.storyboard in Resources */ = {isa = PBXBuildFile; fileRef = 30D2689120B1EF7400BD4319 /* Main.storyboard */; };
/* End PBXBuildFile section */

/* Begin PBXFileReference section */
		30D2688820B1EF7200BD4319 /* Gucci Planning.app */ = {isa = PBXFileReference; explicitFileType = wrapper.application; includeInIndex = 0; path = "Gucci Planning.app"; sourceTree = BUILT_PRODUCTS_DIR; };
		30D2688B20B1EF7200BD4319 /* AppDelegate.swift */ = {isa = PBXFileReference; lastKnownFileType = sourcecode.swift; path = AppDelegate.swift; sourceTree = "<group>"; };
		30D2688D20B1EF7200BD4319 /* ViewController.swift */ = {isa = PBXFileReference; lastKnownFileType = sourcecode.swift; path = ViewController.swift; sourceTree = "<group>"; };
		30D2688F20B1EF7400BD4319 /* Assets.xcassets */ = {isa = PBXFileReference; lastKnownFileType = folder.assetcatalog; path = Assets.xcassets; sourceTree = "<group>"; };
		30D2689220B1EF7400BD4319 /* Base */ = {isa = PBXFileReference; lastKnownFileType = file.storyboard; name = Base; path = Base.lproj/Main.storyboard; sourceTree = "<group>"; };
		30D2689420B1EF7400BD4319 /* Info.plist */ = {isa = PBXFileReference; lastKnownFileType = text.plist.xml; path = Info.plist; sourceTree = "<group>"; };
		30D2689520B1EF7400BD4319 /* Gucci_Planning.entitlements */ = {isa = PBXFileReference; lastKnownFileType = text.plist.entitlements; path = Gucci_Planning.entitlements; sourceTree = "<group>"; };
		89FA41CB9F82A8D51FBC2192 /* Pods-Gucci Planning.release.xcconfig */ = {isa = PBXFileReference; includeInIndex = 1; lastKnownFileType = text.xcconfig; name = "Pods-Gucci Planning.release.xcconfig"; path = "Pods/Target Support Files/Pods-Gucci Planning/Pods-Gucci Planning.release.xcconfig"; sourceTree = "<group>"; };
		90ACC3CD54816EB9AD8007B3 /* Pods_Gucci_Planning.framework */ = {isa = PBXFileReference; explicitFileType = wrapper.framework; includeInIndex = 0; path = Pods_Gucci_Planning.framework; sourceTree = BUILT_PRODUCTS_DIR; };
		C7273B172063950B0B01D5FE /* Pods-Gucci Planning.debug.xcconfig */ = {isa = PBXFileReference; includeInIndex = 1; lastKnownFileType = text.xcconfig; name = "Pods-Gucci Planning.debug.xcconfig"; path = "Pods/Target Support Files/Pods-Gucci Planning/Pods-Gucci Planning.debug.xcconfig"; sourceTree = "<group>"; };
/* End PBXFileReference section */

/* Begin PBXFrameworksBuildPhase section */
		30D2688520B1EF7200BD4319 /* Frameworks */ = {
			isa = PBXFrameworksBuildPhase;
			buildActionMask = 2147483647;
			files = (
				2D61CFD272EE35B9AD8D5BE6 /* Pods_Gucci_Planning.framework in Frameworks */,
			);
			runOnlyForDeploymentPostprocessing = 0;
		};
/* End PBXFrameworksBuildPhase section */

/* Begin PBXGroup section */
		30D2687F20B1EF7200BD4319 = {
			isa = PBXGroup;
			children = (
				30D2688A20B1EF7200BD4319 /* Gucci Planning */,
				30D2688920B1EF7200BD4319 /* Products */,
				49741B16307EDFC070976A46 /* Pods */,
				E54902F906B6A6892AB3B4E2 /* Frameworks */,
			);
			sourceTree = "<group>";
		};
		30D2688920B1EF7200BD4319 /* Products */ = {
			isa = PBXGroup;
			children = (
				30D2688820B1EF7200BD4319 /* Gucci Planning.app */,
			);
			name = Products;
			sourceTree = "<group>";
		};
		30D2688A20B1EF7200BD4319 /* Gucci Planning */ = {
			isa = PBXGroup;
			children = (
				30D2688B20B1EF7200BD4319 /* AppDelegate.swift */,
				30D2688D20B1EF7200BD4319 /* ViewController.swift */,
				30D2688F20B1EF7400BD4319 /* Assets.xcassets */,
				30D2689120B1EF7400BD4319 /* Main.storyboard */,
				30D2689420B1EF7400BD4319 /* Info.plist */,
				30D2689520B1EF7400BD4319 /* Gucci_Planning.entitlements */,
			);
			path = "Gucci Planning";
			sourceTree = "<group>";
		};
		49741B16307EDFC070976A46 /* Pods */ = {
			isa = PBXGroup;
			children = (
				C7273B172063950B0B01D5FE /* Pods-Gucci Planning.debug.xcconfig */,
				89FA41CB9F82A8D51FBC2192 /* Pods-Gucci Planning.release.xcconfig */,
			);
			name = Pods;
			sourceTree = "<group>";
		};
		E54902F906B6A6892AB3B4E2 /* Frameworks */ = {
			isa = PBXGroup;
			children = (
				90ACC3CD54816EB9AD8007B3 /* Pods_Gucci_Planning.framework */,
			);
			name = Frameworks;
			sourceTree = "<group>";
		};
/* End PBXGroup section */

/* Begin PBXNativeTarget section */
		30D2688720B1EF7200BD4319 /* Gucci Planning */ = {
			isa = PBXNativeTarget;
			buildConfigurationList = 30D2689820B1EF7400BD4319 /* Build configuration list for PBXNativeTarget "Gucci Planning" */;
			buildPhases = (
				1CB26EF189129AE4AB7AABBD /* [CP] Check Pods Manifest.lock */,
				30D2688420B1EF7200BD4319 /* Sources */,
				30D2688520B1EF7200BD4319 /* Frameworks */,
				30D2688620B1EF7200BD4319 /* Resources */,
				EDF7BFEC1214CC5E5D92A011 /* [CP] Embed Pods Frameworks */,
			);
			buildRules = (
			);
			dependencies = (
			);
			name = "Gucci Planning";
			productName = "Gucci Planning";
			productReference = 30D2688820B1EF7200BD4319 /* Gucci Planning.app */;
			productType = "com.apple.product-type.application";
		};
/* End PBXNativeTarget section */

/* Begin PBXProject section */
		30D2688020B1EF7200BD4319 /* Project object */ = {
			isa = PBXProject;
			attributes = {
				LastSwiftUpdateCheck = 0930;
				LastUpgradeCheck = 0930;
				ORGANIZATIONNAME = "Daniel Zanchi";
				TargetAttributes = {
					30D2688720B1EF7200BD4319 = {
						CreatedOnToolsVersion = 9.3.1;
					};
				};
			};
			buildConfigurationList = 30D2688320B1EF7200BD4319 /* Build configuration list for PBXProject "Gucci Planning" */;
			compatibilityVersion = "Xcode 9.3";
			developmentRegion = en;
			hasScannedForEncodings = 0;
			knownRegions = (
				en,
				Base,
			);
			mainGroup = 30D2687F20B1EF7200BD4319;
			productRefGroup = 30D2688920B1EF7200BD4319 /* Products */;
			projectDirPath = "";
			projectRoot = "";
			targets = (
				30D2688720B1EF7200BD4319 /* Gucci Planning */,
			);
		};
/* End PBXProject section */

/* Begin PBXResourcesBuildPhase section */
		30D2688620B1EF7200BD4319 /* Resources */ = {
			isa = PBXResourcesBuildPhase;
			buildActionMask = 2147483647;
			files = (
				30D2689020B1EF7400BD4319 /* Assets.xcassets in Resources */,
				30D2689320B1EF7400BD4319 /* Main.storyboard in Resources */,
			);
			runOnlyForDeploymentPostprocessing = 0;
		};
/* End PBXResourcesBuildPhase section */

/* Begin PBXShellScriptBuildPhase section */
		1CB26EF189129AE4AB7AABBD /* [CP] Check Pods Manifest.lock */ = {
			isa = PBXShellScriptBuildPhase;
			buildActionMask = 2147483647;
			files = (
			);
			inputPaths = (
				"${PODS_PODFILE_DIR_PATH}/Podfile.lock",
				"${PODS_ROOT}/Manifest.lock",
			);
			name = "[CP] Check Pods Manifest.lock";
			outputPaths = (
				"$(DERIVED_FILE_DIR)/Pods-Gucci Planning-checkManifestLockResult.txt",
			);
			runOnlyForDeploymentPostprocessing = 0;
			shellPath = /bin/sh;
			shellScript = "diff \"${PODS_PODFILE_DIR_PATH}/Podfile.lock\" \"${PODS_ROOT}/Manifest.lock\" > /dev/null\nif [ $? != 0 ] ; then\n    # print error to STDERR\n    echo \"error: The sandbox is not in sync with the Podfile.lock. Run 'pod install' or update your CocoaPods installation.\" >&2\n    exit 1\nfi\n# This output is used by Xcode 'outputs' to avoid re-running this script phase.\necho \"SUCCESS\" > \"${SCRIPT_OUTPUT_FILE_0}\"\n";
			showEnvVarsInLog = 0;
		};
		EDF7BFEC1214CC5E5D92A011 /* [CP] Embed Pods Frameworks */ = {
			isa = PBXShellScriptBuildPhase;
			buildActionMask = 2147483647;
			files = (
			);
			inputPaths = (
				"${SRCROOT}/Pods/Target Support Files/Pods-Gucci Planning/Pods-Gucci Planning-frameworks.sh",
				"${BUILT_PRODUCTS_DIR}/CSV.swift/CSV.framework",
				"${BUILT_PRODUCTS_DIR}/iCalKit/iCalKit.framework",
			);
			name = "[CP] Embed Pods Frameworks";
			outputPaths = (
				"${TARGET_BUILD_DIR}/${FRAMEWORKS_FOLDER_PATH}/CSV.framework",
				"${TARGET_BUILD_DIR}/${FRAMEWORKS_FOLDER_PATH}/iCalKit.framework",
			);
			runOnlyForDeploymentPostprocessing = 0;
			shellPath = /bin/sh;
			shellScript = "\"${SRCROOT}/Pods/Target Support Files/Pods-Gucci Planning/Pods-Gucci Planning-frameworks.sh\"\n";
			showEnvVarsInLog = 0;
		};
/* End PBXShellScriptBuildPhase section */

/* Begin PBXSourcesBuildPhase section */
		30D2688420B1EF7200BD4319 /* Sources */ = {
			isa = PBXSourcesBuildPhase;
			buildActionMask = 2147483647;
			files = (
				30D2688E20B1EF7200BD4319 /* ViewController.swift in Sources */,
				30D2688C20B1EF7200BD4319 /* AppDelegate.swift in Sources */,
			);
			runOnlyForDeploymentPostprocessing = 0;
		};
/* End PBXSourcesBuildPhase section */

/* Begin PBXVariantGroup section */
		30D2689120B1EF7400BD4319 /* Main.storyboard */ = {
			isa = PBXVariantGroup;
			children = (
				30D2689220B1EF7400BD4319 /* Base */,
			);
			name = Main.storyboard;
			sourceTree = "<group>";
		};
/* End PBXVariantGroup section */

/* Begin XCBuildConfiguration section */
		30D2689620B1EF7400BD4319 /* Debug */ = {
			isa = XCBuildConfiguration;
			buildSettings = {
				ALWAYS_SEARCH_USER_PATHS = NO;
				CLANG_ANALYZER_NONNULL = YES;
				CLANG_ANALYZER_NUMBER_OBJECT_CONVERSION = YES_AGGRESSIVE;
				CLANG_CXX_LANGUAGE_STANDARD = "gnu++14";
				CLANG_CXX_LIBRARY = "libc++";
				CLANG_ENABLE_MODULES = YES;
				CLANG_ENABLE_OBJC_ARC = YES;
				CLANG_ENABLE_OBJC_WEAK = YES;
				CLANG_WARN_BLOCK_CAPTURE_AUTORELEASING = YES;
				CLANG_WARN_BOOL_CONVERSION = YES;
				CLANG_WARN_COMMA = YES;
				CLANG_WARN_CONSTANT_CONVERSION = YES;
				CLANG_WARN_DEPRECATED_OBJC_IMPLEMENTATIONS = YES;
				CLANG_WARN_DIRECT_OBJC_ISA_USAGE = YES_ERROR;
				CLANG_WARN_DOCUMENTATION_COMMENTS = YES;
				CLANG_WARN_EMPTY_BODY = YES;
				CLANG_WARN_ENUM_CONVERSION = YES;
				CLANG_WARN_INFINITE_RECURSION = YES;
				CLANG_WARN_INT_CONVERSION = YES;
				CLANG_WARN_NON_LITERAL_NULL_CONVERSION = YES;
				CLANG_WARN_OBJC_IMPLICIT_RETAIN_SELF = YES;
				CLANG_WARN_OBJC_LITERAL_CONVERSION = YES;
				CLANG_WARN_OBJC_ROOT_CLASS = YES_ERROR;
				CLANG_WARN_RANGE_LOOP_ANALYSIS = YES;
				CLANG_WARN_STRICT_PROTOTYPES = YES;
				CLANG_WARN_SUSPICIOUS_MOVE = YES;
				CLANG_WARN_UNGUARDED_AVAILABILITY = YES_AGGRESSIVE;
				CLANG_WARN_UNREACHABLE_CODE = YES;
				CLANG_WARN__DUPLICATE_METHOD_MATCH = YES;
				CODE_SIGN_IDENTITY = "Mac Developer";
				COPY_PHASE_STRIP = NO;
				DEBUG_INFORMATION_FORMAT = dwarf;
				ENABLE_STRICT_OBJC_MSGSEND = YES;
				ENABLE_TESTABILITY = YES;
				GCC_C_LANGUAGE_STANDARD = gnu11;
				GCC_DYNAMIC_NO_PIC = NO;
				GCC_NO_COMMON_BLOCKS = YES;
				GCC_OPTIMIZATION_LEVEL = 0;
				GCC_PREPROCESSOR_DEFINITIONS = (
					"DEBUG=1",
					"$(inherited)",
				);
				GCC_WARN_64_TO_32_BIT_CONVERSION = YES;
				GCC_WARN_ABOUT_RETURN_TYPE = YES_ERROR;
				GCC_WARN_UNDECLARED_SELECTOR = YES;
				GCC_WARN_UNINITIALIZED_AUTOS = YES_AGGRESSIVE;
				GCC_WARN_UNUSED_FUNCTION = YES;
				GCC_WARN_UNUSED_VARIABLE = YES;
				MACOSX_DEPLOYMENT_TARGET = 10.13;
				MTL_ENABLE_DEBUG_INFO = YES;
				ONLY_ACTIVE_ARCH = YES;
				SDKROOT = macosx;
				SWIFT_ACTIVE_COMPILATION_CONDITIONS = DEBUG;
				SWIFT_OPTIMIZATION_LEVEL = "-Onone";
			};
			name = Debug;
		};
		30D2689720B1EF7400BD4319 /* Release */ = {
			isa = XCBuildConfiguration;
			buildSettings = {
				ALWAYS_SEARCH_USER_PATHS = NO;
				CLANG_ANALYZER_NONNULL = YES;
				CLANG_ANALYZER_NUMBER_OBJECT_CONVERSION = YES_AGGRESSIVE;
				CLANG_CXX_LANGUAGE_STANDARD = "gnu++14";
				CLANG_CXX_LIBRARY = "libc++";
				CLANG_ENABLE_MODULES = YES;
				CLANG_ENABLE_OBJC_ARC = YES;
				CLANG_ENABLE_OBJC_WEAK = YES;
				CLANG_WARN_BLOCK_CAPTURE_AUTORELEASING = YES;
				CLANG_WARN_BOOL_CONVERSION = YES;
				CLANG_WARN_COMMA = YES;
				CLANG_WARN_CONSTANT_CONVERSION = YES;
				CLANG_WARN_DEPRECATED_OBJC_IMPLEMENTATIONS = YES;
				CLANG_WARN_DIRECT_OBJC_ISA_USAGE = YES_ERROR;
				CLANG_WARN_DOCUMENTATION_COMMENTS = YES;
				CLANG_WARN_EMPTY_BODY = YES;
				CLANG_WARN_ENUM_CONVERSION = YES;
				CLANG_WARN_INFINITE_RECURSION = YES;
				CLANG_WARN_INT_CONVERSION = YES;
				CLANG_WARN_NON_LITERAL_NULL_CONVERSION = YES;
				CLANG_WARN_OBJC_IMPLICIT_RETAIN_SELF = YES;
				CLANG_WARN_OBJC_LITERAL_CONVERSION = YES;
				CLANG_WARN_OBJC_ROOT_CLASS = YES_ERROR;
				CLANG_WARN_RANGE_LOOP_ANALYSIS = YES;
				CLANG_WARN_STRICT_PROTOTYPES = YES;
				CLANG_WARN_SUSPICIOUS_MOVE = YES;
				CLANG_WARN_UNGUARDED_AVAILABILITY = YES_AGGRESSIVE;
				CLANG_WARN_UNREACHABLE_CODE = YES;
				CLANG_WARN__DUPLICATE_METHOD_MATCH = YES;
				CODE_SIGN_IDENTITY = "Mac Developer";
				COPY_PHASE_STRIP = NO;
				DEBUG_INFORMATION_FORMAT = "dwarf-with-dsym";
				ENABLE_NS_ASSERTIONS = NO;
				ENABLE_STRICT_OBJC_MSGSEND = YES;
				GCC_C_LANGUAGE_STANDARD = gnu11;
				GCC_NO_COMMON_BLOCKS = YES;
				GCC_WARN_64_TO_32_BIT_CONVERSION = YES;
				GCC_WARN_ABOUT_RETURN_TYPE = YES_ERROR;
				GCC_WARN_UNDECLARED_SELECTOR = YES;
				GCC_WARN_UNINITIALIZED_AUTOS = YES_AGGRESSIVE;
				GCC_WARN_UNUSED_FUNCTION = YES;
				GCC_WARN_UNUSED_VARIABLE = YES;
				MACOSX_DEPLOYMENT_TARGET = 10.13;
				MTL_ENABLE_DEBUG_INFO = NO;
				SDKROOT = macosx;
				SWIFT_COMPILATION_MODE = wholemodule;
				SWIFT_OPTIMIZATION_LEVEL = "-O";
			};
			name = Release;
		};
		30D2689920B1EF7400BD4319 /* Debug */ = {
			isa = XCBuildConfiguration;
			baseConfigurationReference = C7273B172063950B0B01D5FE /* Pods-Gucci Planning.debug.xcconfig */;
			buildSettings = {
				ASSETCATALOG_COMPILER_APPICON_NAME = AppIcon;
				CODE_SIGN_ENTITLEMENTS = "Gucci Planning/Gucci_Planning.entitlements";
				CODE_SIGN_IDENTITY = "Mac Developer";
				CODE_SIGN_STYLE = Automatic;
				COMBINE_HIDPI_IMAGES = YES;
				DEVELOPMENT_TEAM = ZAN22F267Y;
				INFOPLIST_FILE = "Gucci Planning/Info.plist";
				LD_RUNPATH_SEARCH_PATHS = (
					"$(inherited)",
					"@executable_path/../Frameworks",
				);
				PRODUCT_BUNDLE_IDENTIFIER = "com.DanielZanchi.Gucci-Planning";
				PRODUCT_NAME = "$(TARGET_NAME)";
				PROVISIONING_PROFILE_SPECIFIER = "";
				SWIFT_VERSION = 4.0;
			};
			name = Debug;
		};
		30D2689A20B1EF7400BD4319 /* Release */ = {
			isa = XCBuildConfiguration;
			baseConfigurationReference = 89FA41CB9F82A8D51FBC2192 /* Pods-Gucci Planning.release.xcconfig */;
			buildSettings = {
				ASSETCATALOG_COMPILER_APPICON_NAME = AppIcon;
				CODE_SIGN_ENTITLEMENTS = "Gucci Planning/Gucci_Planning.entitlements";
				CODE_SIGN_IDENTITY = "Mac Developer";
				CODE_SIGN_STYLE = Automatic;
				COMBINE_HIDPI_IMAGES = YES;
				DEVELOPMENT_TEAM = ZAN22F267Y;
				INFOPLIST_FILE = "Gucci Planning/Info.plist";
				LD_RUNPATH_SEARCH_PATHS = (
					"$(inherited)",
					"@executable_path/../Frameworks",
				);
				PRODUCT_BUNDLE_IDENTIFIER = "com.DanielZanchi.Gucci-Planning";
				PRODUCT_NAME = "$(TARGET_NAME)";
				PROVISIONING_PROFILE_SPECIFIER = "";
				SWIFT_VERSION = 4.0;
			};
			name = Release;
		};
/* End XCBuildConfiguration section */

/* Begin XCConfigurationList section */
		30D2688320B1EF7200BD4319 /* Build configuration list for PBXProject "Gucci Planning" */ = {
			isa = XCConfigurationList;
			buildConfigurations = (
				30D2689620B1EF7400BD4319 /* Debug */,
				30D2689720B1EF7400BD4319 /* Release */,
			);
			defaultConfigurationIsVisible = 0;
			defaultConfigurationName = Release;
		};
		30D2689820B1EF7400BD4319 /* Build configuration list for PBXNativeTarget "Gucci Planning" */ = {
			isa = XCConfigurationList;
			buildConfigurations = (
				30D2689920B1EF7400BD4319 /* Debug */,
				30D2689A20B1EF7400BD4319 /* Release */,
			);
			defaultConfigurationIsVisible = 0;
			defaultConfigurationName = Release;
		};
/* End XCConfigurationList section */
	};
	rootObject = 30D2688020B1EF7200BD4319 /* Project object */;
}
